
Microsoft Visual Studio Solution File, Format Version 12.00
# Visual Studio Version 16
VisualStudioVersion = 16.0.30204.135
MinimumVisualStudioVersion = 10.0.40219.1
Project("{FAE04EC0-301F-11D3-BF4B-00C04F79EFBC}") = "LayoutsExercise.UWP", "LayoutsExercise.UWP\LayoutsExercise.UWP.csproj", "{245A90CD-E5E1-4125-B976-73E9D5F634B7}"
EndProject
Project("{FAE04EC0-301F-11D3-BF4B-00C04F79EFBC}") = "LayoutsExercise.Android", "LayoutsExercise.Android\LayoutsExercise.Android.csproj", "{A86F229F-C36D-4273-BE4B-55E8BFB548BF}"
EndProject
Project("{FAE04EC0-301F-11D3-BF4B-00C04F79EFBC}") = "LayoutsExercise.iOS", "LayoutsExercise.iOS\LayoutsExercise.iOS.csproj", "{05AC7C18-EA7B-4A30-A83D-7DF2BAA4396B}"
EndProject
Project("{FAE04EC0-301F-11D3-BF4B-00C04F79EFBC}") = "LayoutsExercise", "LayoutsExercise\LayoutsExercise.csproj", "{786DDDEB-9190-495C-A052-090AAC0CAA02}"
EndProject
Global
	GlobalSection(SolutionConfigurationPlatforms) = preSolution
		Debug|Any CPU = Debug|Any CPU
		Debug|ARM = Debug|ARM
		Debug|iPhone = Debug|iPhone
		Debug|iPhoneSimulator = Debug|iPhoneSimulator
		Debug|x64 = Debug|x64
		Debug|x86 = Debug|x86
		Release|Any CPU = Release|Any CPU
		Release|ARM = Release|ARM
		Release|iPhone = Release|iPhone
		Release|iPhoneSimulator = Release|iPhoneSimulator
		Release|x64 = Release|x64
		Release|x86 = Release|x86
	EndGlobalSection
	GlobalSection(ProjectConfigurationPlatforms) = postSolution
		{245A90CD-E5E1-4125-B976-73E9D5F634B7}.Debug|Any CPU.ActiveCfg = Debug|x86
		{245A90CD-E5E1-4125-B976-73E9D5F634B7}.Debug|Any CPU.Build.0 = Debug|x86
		{245A90CD-E5E1-4125-B976-73E9D5F634B7}.Debug|Any CPU.Deploy.0 = Debug|x86
		{245A90CD-E5E1-4125-B976-73E9D5F634B7}.Debug|ARM.ActiveCfg = Debug|ARM
		{245A90CD-E5E1-4125-B976-73E9D5F634B7}.Debug|ARM.Build.0 = Debug|ARM
		{245A90CD-E5E1-4125-B976-73E9D5F634B7}.Debug|ARM.Deploy.0 = Debug|ARM
		{245A90CD-E5E1-4125-B976-73E9D5F634B7}.Debug|iPhone.ActiveCfg = Debug|x86
		{245A90CD-E5E1-4125-B976-73E9D5F634B7}.Debug|iPhone.Build.0 = Debug|x86
		{245A90CD-E5E1-4125-B976-73E9D5F634B7}.Debug|iPhone.Deploy.0 = Debug|x86
		{245A90CD-E5E1-4125-B976-73E9D5F634B7}.Debug|iPhoneSimulator.ActiveCfg = Debug|x86
		{245A90CD-E5E1-4125-B976-73E9D5F634B7}.Debug|iPhoneSimulator.Build.0 = Debug|x86
		{245A90CD-E5E1-4125-B976-73E9D5F634B7}.Debug|iPhoneSimulator.Deploy.0 = Debug|x86
		{245A90CD-E5E1-4125-B976-73E9D5F634B7}.Debug|x64.ActiveCfg = Debug|x64
		{245A90CD-E5E1-4125-B976-73E9D5F634B7}.Debug|x64.Build.0 = Debug|x64
		{245A90CD-E5E1-4125-B976-73E9D5F634B7}.Debug|x64.Deploy.0 = Debug|x64
		{245A90CD-E5E1-4125-B976-73E9D5F634B7}.Debug|x86.ActiveCfg = Debug|x86
		{245A90CD-E5E1-4125-B976-73E9D5F634B7}.Debug|x86.Build.0 = Debug|x86
		{245A90CD-E5E1-4125-B976-73E9D5F634B7}.Debug|x86.Deploy.0 = Debug|x86
		{245A90CD-E5E1-4125-B976-73E9D5F634B7}.Release|Any CPU.ActiveCfg = Release|x86
		{245A90CD-E5E1-4125-B976-73E9D5F634B7}.Release|Any CPU.Build.0 = Release|x86
		{245A90CD-E5E1-4125-B976-73E9D5F634B7}.Release|Any CPU.Deploy.0 = Release|x86
		{245A90CD-E5E1-4125-B976-73E9D5F634B7}.Release|ARM.ActiveCfg = Release|ARM
		{245A90CD-E5E1-4125-B976-73E9D5F634B7}.Release|ARM.Build.0 = Release|ARM
		{245A90CD-E5E1-4125-B976-73E9D5F634B7}.Release|ARM.Deploy.0 = Release|ARM
		{245A90CD-E5E1-4125-B976-73E9D5F634B7}.Release|iPhone.ActiveCfg = Release|x86
		{245A90CD-E5E1-4125-B976-73E9D5F634B7}.Release|iPhone.Build.0 = Release|x86
		{245A90CD-E5E1-4125-B976-73E9D5F634B7}.Release|iPhone.Deploy.0 = Release|x86
		{245A90CD-E5E1-4125-B976-73E9D5F634B7}.Release|iPhoneSimulator.ActiveCfg = Release|x86
		{245A90CD-E5E1-4125-B976-73E9D5F634B7}.Release|iPhoneSimulator.Build.0 = Release|x86
		{245A90CD-E5E1-4125-B976-73E9D5F634B7}.Release|iPhoneSimulator.Deploy.0 = Release|x86
		{245A90CD-E5E1-4125-B976-73E9D5F634B7}.Release|x64.ActiveCfg = Release|x64
		{245A90CD-E5E1-4125-B976-73E9D5F634B7}.Release|x64.Build.0 = Release|x64
		{245A90CD-E5E1-4125-B976-73E9D5F634B7}.Release|x64.Deploy.0 = Release|x64
		{245A90CD-E5E1-4125-B976-73E9D5F634B7}.Release|x86.ActiveCfg = Release|x86
		{245A90CD-E5E1-4125-B976-73E9D5F634B7}.Release|x86.Build.0 = Release|x86
		{245A90CD-E5E1-4125-B976-73E9D5F634B7}.Release|x86.Deploy.0 = Release|x86
		{A86F229F-C36D-4273-BE4B-55E8BFB548BF}.Debug|Any CPU.ActiveCfg = Debug|Any CPU
		{A86F229F-C36D-4273-BE4B-55E8BFB548BF}.Debug|Any CPU.Build.0 = Debug|Any CPU
		{A86F229F-C36D-4273-BE4B-55E8BFB548BF}.Debug|Any CPU.Deploy.0 = Debug|Any CPU
		{A86F229F-C36D-4273-BE4B-55E8BFB548BF}.Debug|ARM.ActiveCfg = Debug|Any CPU
		{A86F229F-C36D-4273-BE4B-55E8BFB548BF}.Debug|ARM.Build.0 = Debug|Any CPU
		{A86F229F-C36D-4273-BE4B-55E8BFB548BF}.Debug|ARM.Deploy.0 = Debug|Any CPU
		{A86F229F-C36D-4273-BE4B-55E8BFB548BF}.Debug|iPhone.ActiveCfg = Debug|Any CPU
		{A86F229F-C36D-4273-BE4B-55E8BFB548BF}.Debug|iPhone.Build.0 = Debug|Any CPU
		{A86F229F-C36D-4273-BE4B-55E8BFB548BF}.Debug|iPhone.Deploy.0 = Debug|Any CPU
		{A86F229F-C36D-4273-BE4B-55E8BFB548BF}.Debug|iPhoneSimulator.ActiveCfg = Debug|Any CPU
		{A86F229F-C36D-4273-BE4B-55E8BFB548BF}.Debug|iPhoneSimulator.Build.0 = Debug|Any CPU
		{A86F229F-C36D-4273-BE4B-55E8BFB548BF}.Debug|iPhoneSimulator.Deploy.0 = Debug|Any CPU
		{A86F229F-C36D-4273-BE4B-55E8BFB548BF}.Debug|x64.ActiveCfg = Debug|Any CPU
		{A86F229F-C36D-4273-BE4B-55E8BFB548BF}.Debug|x64.Build.0 = Debug|Any CPU
		{A86F229F-C36D-4273-BE4B-55E8BFB548BF}.Debug|x64.Deploy.0 = Debug|Any CPU
		{A86F229F-C36D-4273-BE4B-55E8BFB548BF}.Debug|x86.ActiveCfg = Debug|Any CPU
		{A86F229F-C36D-4273-BE4B-55E8BFB548BF}.Debug|x86.Build.0 = Debug|Any CPU
		{A86F229F-C36D-4273-BE4B-55E8BFB548BF}.Debug|x86.Deploy.0 = Debug|Any CPU
		{A86F229F-C36D-4273-BE4B-55E8BFB548BF}.Release|Any CPU.ActiveCfg = Release|Any CPU
		{A86F229F-C36D-4273-BE4B-55E8BFB548BF}.Release|Any CPU.Build.0 = Release|Any CPU
		{A86F229F-C36D-4273-BE4B-55E8BFB548BF}.Release|Any CPU.Deploy.0 = Release|Any CPU
		{A86F229F-C36D-4273-BE4B-55E8BFB548BF}.Release|ARM.ActiveCfg = Release|Any CPU
		{A86F229F-C36D-4273-BE4B-55E8BFB548BF}.Release|ARM.Build.0 = Release|Any CPU
		{A86F229F-C36D-4273-BE4B-55E8BFB548BF}.Release|ARM.Deploy.0 = Release|Any CPU
		{A86F229F-C36D-4273-BE4B-55E8BFB548BF}.Release|iPhone.ActiveCfg = Release|Any CPU
		{A86F229F-C36D-4273-BE4B-55E8BFB548BF}.Release|iPhone.Build.0 = Release|Any CPU
		{A86F229F-C36D-4273-BE4B-55E8BFB548BF}.Release|iPhone.Deploy.0 = Release|Any CPU
		{A86F229F-C36D-4273-BE4B-55E8BFB548BF}.Release|iPhoneSimulator.ActiveCfg = Release|Any CPU
		{A86F229F-C36D-4273-BE4B-55E8BFB548BF}.Release|iPhoneSimulator.Build.0 = Release|Any CPU
		{A86F229F-C36D-4273-BE4B-55E8BFB548BF}.Release|iPhoneSimulator.Deploy.0 = Release|Any CPU
		{A86F229F-C36D-4273-BE4B-55E8BFB548BF}.Release|x64.ActiveCfg = Release|Any CPU
		{A86F229F-C36D-4273-BE4B-55E8BFB548BF}.Release|x64.Build.0 = Release|Any CPU
		{A86F229F-C36D-4273-BE4B-55E8BFB548BF}.Release|x64.Deploy.0 = Release|Any CPU
		{A86F229F-C36D-4273-BE4B-55E8BFB548BF}.Release|x86.ActiveCfg = Release|Any CPU
		{A86F229F-C36D-4273-BE4B-55E8BFB548BF}.Release|x86.Build.0 = Release|Any CPU
		{A86F229F-C36D-4273-BE4B-55E8BFB548BF}.Release|x86.Deploy.0 = Release|Any CPU
		{05AC7C18-EA7B-4A30-A83D-7DF2BAA4396B}.Debug|Any CPU.ActiveCfg = Debug|iPhone
		{05AC7C18-EA7B-4A30-A83D-7DF2BAA4396B}.Debug|Any CPU.Build.0 = Debug|iPhone
		{05AC7C18-EA7B-4A30-A83D-7DF2BAA4396B}.Debug|Any CPU.Deploy.0 = Debug|iPhone
		{05AC7C18-EA7B-4A30-A83D-7DF2BAA4396B}.Debug|ARM.ActiveCfg = Debug|iPhone
		{05AC7C18-EA7B-4A30-A83D-7DF2BAA4396B}.Debug|ARM.Build.0 = Debug|iPhone
		{05AC7C18-EA7B-4A30-A83D-7DF2BAA4396B}.Debug|ARM.Deploy.0 = Debug|iPhone
		{05AC7C18-EA7B-4A30-A83D-7DF2BAA4396B}.Debug|iPhone.ActiveCfg = Debug|iPhone
		{05AC7C18-EA7B-4A30-A83D-7DF2BAA4396B}.Debug|iPhone.Build.0 = Debug|iPhone
		{05AC7C18-EA7B-4A30-A83D-7DF2BAA4396B}.Debug|iPhone.Deploy.0 = Debug|iPhone
		{05AC7C18-EA7B-4A30-A83D-7DF2BAA4396B}.Debug|iPhoneSimulator.ActiveCfg = Debug|iPhoneSimulator
		{05AC7C18-EA7B-4A30-A83D-7DF2BAA4396B}.Debug|iPhoneSimulator.Build.0 = Debug|iPhoneSimulator
		{05AC7C18-EA7B-4A30-A83D-7DF2BAA4396B}.Debug|iPhoneSimulator.Deploy.0 = Debug|iPhoneSimulator
		{05AC7C18-EA7B-4A30-A83D-7DF2BAA4396B}.Debug|x64.ActiveCfg = Debug|iPhone
		{05AC7C18-EA7B-4A30-A83D-7DF2BAA4396B}.Debug|x64.Build.0 = Debug|iPhone
		{05AC7C18-EA7B-4A30-A83D-7DF2BAA4396B}.Debug|x64.Deploy.0 = Debug|iPhone
		{05AC7C18-EA7B-4A30-A83D-7DF2BAA4396B}.Debug|x86.ActiveCfg = Debug|iPhone
		{05AC7C18-EA7B-4A30-A83D-7DF2BAA4396B}.Debug|x86.Build.0 = Debug|iPhone
		{05AC7C18-EA7B-4A30-A83D-7DF2BAA4396B}.Debug|x86.Deploy.0 = Debug|iPhone
		{05AC7C18-EA7B-4A30-A83D-7DF2BAA4396B}.Release|Any CPU.ActiveCfg = Release|iPhone
		{05AC7C18-EA7B-4A30-A83D-7DF2BAA4396B}.Release|Any CPU.Build.0 = Release|iPhone
		{05AC7C18-EA7B-4A30-A83D-7DF2BAA4396B}.Release|Any CPU.Deploy.0 = Release|iPhone
		{05AC7C18-EA7B-4A30-A83D-7DF2BAA4396B}.Release|ARM.ActiveCfg = Release|iPhone
		{05AC7C18-EA7B-4A30-A83D-7DF2BAA4396B}.Release|ARM.Build.0 = Release|iPhone
		{05AC7C18-EA7B-4A30-A83D-7DF2BAA4396B}.Release|ARM.Deploy.0 = Release|iPhone
		{05AC7C18-EA7B-4A30-A83D-7DF2BAA4396B}.Release|iPhone.ActiveCfg = Release|iPhone
		{05AC7C18-EA7B-4A30-A83D-7DF2BAA4396B}.Release|iPhone.Build.0 = Release|iPhone
		{05AC7C18-EA7B-4A30-A83D-7DF2BAA4396B}.Release|iPhone.Deploy.0 = Release|iPhone
		{05AC7C18-EA7B-4A30-A83D-7DF2BAA4396B}.Release|iPhoneSimulator.ActiveCfg = Release|iPhoneSimulator
		{05AC7C18-EA7B-4A30-A83D-7DF2BAA4396B}.Release|iPhoneSimulator.Build.0 = Release|iPhoneSimulator
		{05AC7C18-EA7B-4A30-A83D-7DF2BAA4396B}.Release|iPhoneSimulator.Deploy.0 = Release|iPhoneSimulator
		{05AC7C18-EA7B-4A30-A83D-7DF2BAA4396B}.Release|x64.ActiveCfg = Release|iPhone
		{05AC7C18-EA7B-4A30-A83D-7DF2BAA4396B}.Release|x64.Build.0 = Release|iPhone
		{05AC7C18-EA7B-4A30-A83D-7DF2BAA4396B}.Release|x64.Deploy.0 = Release|iPhone
		{05AC7C18-EA7B-4A30-A83D-7DF2BAA4396B}.Release|x86.ActiveCfg = Release|iPhone
		{05AC7C18-EA7B-4A30-A83D-7DF2BAA4396B}.Release|x86.Build.0 = Release|iPhone
		{05AC7C18-EA7B-4A30-A83D-7DF2BAA4396B}.Release|x86.Deploy.0 = Release|iPhone
		{786DDDEB-9190-495C-A052-090AAC0CAA02}.Debug|Any CPU.ActiveCfg = Debug|Any CPU
		{786DDDEB-9190-495C-A052-090AAC0CAA02}.Debug|Any CPU.Build.0 = Debug|Any CPU
		{786DDDEB-9190-495C-A052-090AAC0CAA02}.Debug|Any CPU.Deploy.0 = Debug|Any CPU
		{786DDDEB-9190-495C-A052-090AAC0CAA02}.Debug|ARM.ActiveCfg = Debug|Any CPU
		{786DDDEB-9190-495C-A052-090AAC0CAA02}.Debug|ARM.Build.0 = Debug|Any CPU
		{786DDDEB-9190-495C-A052-090AAC0CAA02}.Debug|ARM.Deploy.0 = Debug|Any CPU
		{786DDDEB-9190-495C-A052-090AAC0CAA02}.Debug|iPhone.ActiveCfg = Debug|Any CPU
		{786DDDEB-9190-495C-A052-090AAC0CAA02}.Debug|iPhone.Build.0 = Debug|Any CPU
		{786DDDEB-9190-495C-A052-090AAC0CAA02}.Debug|iPhone.Deploy.0 = Debug|Any CPU
		{786DDDEB-9190-495C-A052-090AAC0CAA02}.Debug|iPhoneSimulator.ActiveCfg = Debug|Any CPU
		{786DDDEB-9190-495C-A052-090AAC0CAA02}.Debug|iPhoneSimulator.Build.0 = Debug|Any CPU
		{786DDDEB-9190-495C-A052-090AAC0CAA02}.Debug|iPhoneSimulator.Deploy.0 = Debug|Any CPU
		{786DDDEB-9190-495C-A052-090AAC0CAA02}.Debug|x64.ActiveCfg = Debug|Any CPU
		{786DDDEB-9190-495C-A052-090AAC0CAA02}.Debug|x64.Build.0 = Debug|Any CPU
		{786DDDEB-9190-495C-A052-090AAC0CAA02}.Debug|x64.Deploy.0 = Debug|Any CPU
		{786DDDEB-9190-495C-A052-090AAC0CAA02}.Debug|x86.ActiveCfg = Debug|Any CPU
		{786DDDEB-9190-495C-A052-090AAC0CAA02}.Debug|x86.Build.0 = Debug|Any CPU
		{786DDDEB-9190-495C-A052-090AAC0CAA02}.Debug|x86.Deploy.0 = Debug|Any CPU
		{786DDDEB-9190-495C-A052-090AAC0CAA02}.Release|Any CPU.ActiveCfg = Release|Any CPU
		{786DDDEB-9190-495C-A052-090AAC0CAA02}.Release|Any CPU.Build.0 = Release|Any CPU
		{786DDDEB-9190-495C-A052-090AAC0CAA02}.Release|Any CPU.Deploy.0 = Release|Any CPU
		{786DDDEB-9190-495C-A052-090AAC0CAA02}.Release|ARM.ActiveCfg = Release|Any CPU
		{786DDDEB-9190-495C-A052-090AAC0CAA02}.Release|ARM.Build.0 = Release|Any CPU
		{786DDDEB-9190-495C-A052-090AAC0CAA02}.Release|ARM.Deploy.0 = Release|Any CPU
		{786DDDEB-9190-495C-A052-090AAC0CAA02}.Release|iPhone.ActiveCfg = Release|Any CPU
		{786DDDEB-9190-495C-A052-090AAC0CAA02}.Release|iPhone.Build.0 = Release|Any CPU
		{786DDDEB-9190-495C-A052-090AAC0CAA02}.Release|iPhone.Deploy.0 = Release|Any CPU
		{786DDDEB-9190-495C-A052-090AAC0CAA02}.Release|iPhoneSimulator.ActiveCfg = Release|Any CPU
		{786DDDEB-9190-495C-A052-090AAC0CAA02}.Release|iPhoneSimulator.Build.0 = Release|Any CPU
		{786DDDEB-9190-495C-A052-090AAC0CAA02}.Release|iPhoneSimulator.Deploy.0 = Release|Any CPU
		{786DDDEB-9190-495C-A052-090AAC0CAA02}.Release|x64.ActiveCfg = Release|Any CPU
		{786DDDEB-9190-495C-A052-090AAC0CAA02}.Release|x64.Build.0 = Release|Any CPU
		{786DDDEB-9190-495C-A052-090AAC0CAA02}.Release|x64.Deploy.0 = Release|Any CPU
		{786DDDEB-9190-495C-A052-090AAC0CAA02}.Release|x86.ActiveCfg = Release|Any CPU
		{786DDDEB-9190-495C-A052-090AAC0CAA02}.Release|x86.Build.0 = Release|Any CPU
		{786DDDEB-9190-495C-A052-090AAC0CAA02}.Release|x86.Deploy.0 = Release|Any CPU
	EndGlobalSection
	GlobalSection(SolutionProperties) = preSolution
		HideSolutionNode = FALSE
	EndGlobalSection
	GlobalSection(ExtensibilityGlobals) = postSolution
		SolutionGuid = {659FA3D2-9F3B-44B2-8068-F96647B93CEF}
	EndGlobalSection
EndGlobal
